
Microsoft Visual Studio Solution File, Format Version 12.00
# Visual Studio 14
VisualStudioVersion = 14.0.23107.0
MinimumVisualStudioVersion = 10.0.40219.1
Project("{FAE04EC0-301F-11D3-BF4B-00C04F79EFBC}") = "DW.Lua", "LuaParser\DW.Lua.csproj", "{6B3D591A-A8C1-460B-9E84-23DC5897B073}"
EndProject
Project("{FAE04EC0-301F-11D3-BF4B-00C04F79EFBC}") = "DW.Lua.Editor", "LuaCodeEditor\DW.Lua.Editor.csproj", "{02414A3E-3FA8-4EE3-AF40-E5EBB3A89D6B}"
EndProject
Project("{FAE04EC0-301F-11D3-BF4B-00C04F79EFBC}") = "DW.Lua.UnitTests", "LuaParserUnitTests\DW.Lua.UnitTests.csproj", "{E4EBE5A5-8EC2-4221-BC42-62EC443EFB44}"
EndProject
Global
	GlobalSection(SolutionConfigurationPlatforms) = preSolution
		Debug|Any CPU = Debug|Any CPU
		Release|Any CPU = Release|Any CPU
	EndGlobalSection
	GlobalSection(ProjectConfigurationPlatforms) = postSolution
		{6B3D591A-A8C1-460B-9E84-23DC5897B073}.Debug|Any CPU.ActiveCfg = Debug|Any CPU
		{6B3D591A-A8C1-460B-9E84-23DC5897B073}.Debug|Any CPU.Build.0 = Debug|Any CPU
		{6B3D591A-A8C1-460B-9E84-23DC5897B073}.Release|Any CPU.ActiveCfg = Release|Any CPU
		{6B3D591A-A8C1-460B-9E84-23DC5897B073}.Release|Any CPU.Build.0 = Release|Any CPU
		{02414A3E-3FA8-4EE3-AF40-E5EBB3A89D6B}.Debug|Any CPU.ActiveCfg = Debug|Any CPU
		{02414A3E-3FA8-4EE3-AF40-E5EBB3A89D6B}.Debug|Any CPU.Build.0 = Debug|Any CPU
		{02414A3E-3FA8-4EE3-AF40-E5EBB3A89D6B}.Release|Any CPU.ActiveCfg = Release|Any CPU
		{02414A3E-3FA8-4EE3-AF40-E5EBB3A89D6B}.Release|Any CPU.Build.0 = Release|Any CPU
		{E4EBE5A5-8EC2-4221-BC42-62EC443EFB44}.Debug|Any CPU.ActiveCfg = Debug|Any CPU
		{E4EBE5A5-8EC2-4221-BC42-62EC443EFB44}.Debug|Any CPU.Build.0 = Debug|Any CPU
		{E4EBE5A5-8EC2-4221-BC42-62EC443EFB44}.Release|Any CPU.ActiveCfg = Release|Any CPU
		{E4EBE5A5-8EC2-4221-BC42-62EC443EFB44}.Release|Any CPU.Build.0 = Release|Any CPU
	EndGlobalSection
	GlobalSection(SolutionProperties) = preSolution
		HideSolutionNode = FALSE
	EndGlobalSection
EndGlobal
